// !$*UTF8*$!
{
	archiveVersion = 1;
	classes = {
	};
	objectVersion = 46;
	objects = {

/* Begin PBXBuildFile section */
		3F2FAC971D8FBA700030D493 /* MainViewController.swift in Sources */ = {isa = PBXBuildFile; fileRef = 3F2FAC961D8FBA700030D493 /* MainViewController.swift */; };
		3F2FACA51D8FC8AE0030D493 /* Home.storyboard in Resources */ = {isa = PBXBuildFile; fileRef = 3F2FACA41D8FC8AE0030D493 /* Home.storyboard */; };
		3F2FACA71D8FC8DE0030D493 /* HomeViewController.swift in Sources */ = {isa = PBXBuildFile; fileRef = 3F2FACA61D8FC8DE0030D493 /* HomeViewController.swift */; };
		3F2FACA91D8FCB560030D493 /* Live.storyboard in Resources */ = {isa = PBXBuildFile; fileRef = 3F2FACA81D8FCB560030D493 /* Live.storyboard */; };
		3F2FACAD1D8FCCFA0030D493 /* Mine.storyboard in Resources */ = {isa = PBXBuildFile; fileRef = 3F2FACAC1D8FCCFA0030D493 /* Mine.storyboard */; };
		3F2FACB11D8FCD320030D493 /* Follow.storyboard in Resources */ = {isa = PBXBuildFile; fileRef = 3F2FACB01D8FCD320030D493 /* Follow.storyboard */; };
		3FF52B7A1D8E7CF900F1EC90 /* AppDelegate.swift in Sources */ = {isa = PBXBuildFile; fileRef = 3FF52B791D8E7CF900F1EC90 /* AppDelegate.swift */; };
		3FF52B7F1D8E7CF900F1EC90 /* Main.storyboard in Resources */ = {isa = PBXBuildFile; fileRef = 3FF52B7D1D8E7CF900F1EC90 /* Main.storyboard */; };
		3FF52B811D8E7CF900F1EC90 /* Assets.xcassets in Resources */ = {isa = PBXBuildFile; fileRef = 3FF52B801D8E7CF900F1EC90 /* Assets.xcassets */; };
		3FF52B841D8E7CF900F1EC90 /* LaunchScreen.storyboard in Resources */ = {isa = PBXBuildFile; fileRef = 3FF52B821D8E7CF900F1EC90 /* LaunchScreen.storyboard */; };
		3FF52B8F1D8E7CF900F1EC90 /* HJDouYuDemoUITests.swift in Sources */ = {isa = PBXBuildFile; fileRef = 3FF52B8E1D8E7CF900F1EC90 /* HJDouYuDemoUITests.swift */; };
/* End PBXBuildFile section */

/* Begin PBXContainerItemProxy section */
		3FF52B8B1D8E7CF900F1EC90 /* PBXContainerItemProxy */ = {
			isa = PBXContainerItemProxy;
			containerPortal = 3FF52B6E1D8E7CF900F1EC90 /* Project object */;
			proxyType = 1;
			remoteGlobalIDString = 3FF52B751D8E7CF900F1EC90;
			remoteInfo = HJDouYuDemo;
		};
/* End PBXContainerItemProxy section */

/* Begin PBXFileReference section */
		3F2FAC961D8FBA700030D493 /* MainViewController.swift */ = {isa = PBXFileReference; fileEncoding = 4; lastKnownFileType = sourcecode.swift; path = MainViewController.swift; sourceTree = "<group>"; };
		3F2FACA41D8FC8AE0030D493 /* Home.storyboard */ = {isa = PBXFileReference; fileEncoding = 4; lastKnownFileType = file.storyboard; path = Home.storyboard; sourceTree = "<group>"; };
		3F2FACA61D8FC8DE0030D493 /* HomeViewController.swift */ = {isa = PBXFileReference; fileEncoding = 4; lastKnownFileType = sourcecode.swift; path = HomeViewController.swift; sourceTree = "<group>"; };
		3F2FACA81D8FCB560030D493 /* Live.storyboard */ = {isa = PBXFileReference; fileEncoding = 4; lastKnownFileType = file.storyboard; path = Live.storyboard; sourceTree = "<group>"; };
		3F2FACAC1D8FCCFA0030D493 /* Mine.storyboard */ = {isa = PBXFileReference; fileEncoding = 4; lastKnownFileType = file.storyboard; path = Mine.storyboard; sourceTree = "<group>"; };
		3F2FACB01D8FCD320030D493 /* Follow.storyboard */ = {isa = PBXFileReference; fileEncoding = 4; lastKnownFileType = file.storyboard; path = Follow.storyboard; sourceTree = "<group>"; };
		3FF52B761D8E7CF900F1EC90 /* HJDouYuDemo.app */ = {isa = PBXFileReference; explicitFileType = wrapper.application; includeInIndex = 0; path = HJDouYuDemo.app; sourceTree = BUILT_PRODUCTS_DIR; };
		3FF52B791D8E7CF900F1EC90 /* AppDelegate.swift */ = {isa = PBXFileReference; lastKnownFileType = sourcecode.swift; path = AppDelegate.swift; sourceTree = "<group>"; };
		3FF52B7E1D8E7CF900F1EC90 /* Base */ = {isa = PBXFileReference; lastKnownFileType = file.storyboard; name = Base; path = Base.lproj/Main.storyboard; sourceTree = "<group>"; };
		3FF52B801D8E7CF900F1EC90 /* Assets.xcassets */ = {isa = PBXFileReference; lastKnownFileType = folder.assetcatalog; path = Assets.xcassets; sourceTree = "<group>"; };
		3FF52B831D8E7CF900F1EC90 /* Base */ = {isa = PBXFileReference; lastKnownFileType = file.storyboard; name = Base; path = Base.lproj/LaunchScreen.storyboard; sourceTree = "<group>"; };
		3FF52B851D8E7CF900F1EC90 /* Info.plist */ = {isa = PBXFileReference; lastKnownFileType = text.plist.xml; path = Info.plist; sourceTree = "<group>"; };
		3FF52B8A1D8E7CF900F1EC90 /* HJDouYuDemoUITests.xctest */ = {isa = PBXFileReference; explicitFileType = wrapper.cfbundle; includeInIndex = 0; path = HJDouYuDemoUITests.xctest; sourceTree = BUILT_PRODUCTS_DIR; };
		3FF52B8E1D8E7CF900F1EC90 /* HJDouYuDemoUITests.swift */ = {isa = PBXFileReference; lastKnownFileType = sourcecode.swift; path = HJDouYuDemoUITests.swift; sourceTree = "<group>"; };
		3FF52B901D8E7CF900F1EC90 /* Info.plist */ = {isa = PBXFileReference; lastKnownFileType = text.plist.xml; path = Info.plist; sourceTree = "<group>"; };
/* End PBXFileReference section */

/* Begin PBXFrameworksBuildPhase section */
		3FF52B731D8E7CF900F1EC90 /* Frameworks */ = {
			isa = PBXFrameworksBuildPhase;
			buildActionMask = 2147483647;
			files = (
			);
			runOnlyForDeploymentPostprocessing = 0;
		};
		3FF52B871D8E7CF900F1EC90 /* Frameworks */ = {
			isa = PBXFrameworksBuildPhase;
			buildActionMask = 2147483647;
			files = (
			);
			runOnlyForDeploymentPostprocessing = 0;
		};
/* End PBXFrameworksBuildPhase section */

/* Begin PBXGroup section */
		3F2FAC901D8F93530030D493 /* Classes */ = {
			isa = PBXGroup;
			children = (
				3F2FAC911D8F93530030D493 /* Follow */,
				3F2FAC921D8F93530030D493 /* Home */,
				3F2FAC931D8F93530030D493 /* Live */,
				3F2FAC941D8F93530030D493 /* MIne */,
				3F2FAC951D8F93530030D493 /* Tools */,
			);
			path = Classes;
			sourceTree = "<group>";
		};
		3F2FAC911D8F93530030D493 /* Follow */ = {
			isa = PBXGroup;
			children = (
				3F2FACB01D8FCD320030D493 /* Follow.storyboard */,
			);
			path = Follow;
			sourceTree = "<group>";
		};
		3F2FAC921D8F93530030D493 /* Home */ = {
			isa = PBXGroup;
			children = (
				3F2FAC981D8FC8500030D493 /* Controller */,
				3F2FAC991D8FC8500030D493 /* Model */,
				3F2FAC9A1D8FC8500030D493 /* View */,
			);
			path = Home;
			sourceTree = "<group>";
		};
		3F2FAC931D8F93530030D493 /* Live */ = {
			isa = PBXGroup;
			children = (
				3F2FAC9B1D8FC8580030D493 /* Controller */,
				3F2FAC9C1D8FC8580030D493 /* Model */,
				3F2FAC9D1D8FC8580030D493 /* View */,
			);
			path = Live;
			sourceTree = "<group>";
		};
		3F2FAC941D8F93530030D493 /* MIne */ = {
			isa = PBXGroup;
			children = (
				3F2FAC9E1D8FC8600030D493 /* Controller */,
				3F2FAC9F1D8FC8600030D493 /* Model */,
				3F2FACA01D8FC8600030D493 /* View */,
			);
			path = MIne;
			sourceTree = "<group>";
		};
		3F2FAC951D8F93530030D493 /* Tools */ = {
			isa = PBXGroup;
			children = (
				3F2FACA11D8FC8680030D493 /* Controller */,
				3F2FACA21D8FC8680030D493 /* Model */,
				3F2FACA31D8FC8680030D493 /* View */,
			);
			path = Tools;
			sourceTree = "<group>";
		};
		3F2FAC981D8FC8500030D493 /* Controller */ = {
			isa = PBXGroup;
			children = (
			);
			path = Controller;
			sourceTree = "<group>";
		};
		3F2FAC991D8FC8500030D493 /* Model */ = {
			isa = PBXGroup;
			children = (
			);
			path = Model;
			sourceTree = "<group>";
		};
		3F2FAC9A1D8FC8500030D493 /* View */ = {
			isa = PBXGroup;
			children = (
				3F2FACA41D8FC8AE0030D493 /* Home.storyboard */,
				3F2FACA61D8FC8DE0030D493 /* HomeViewController.swift */,
			);
			path = View;
			sourceTree = "<group>";
		};
		3F2FAC9B1D8FC8580030D493 /* Controller */ = {
			isa = PBXGroup;
			children = (
			);
			path = Controller;
			sourceTree = "<group>";
		};
		3F2FAC9C1D8FC8580030D493 /* Model */ = {
			isa = PBXGroup;
			children = (
			);
			path = Model;
			sourceTree = "<group>";
		};
		3F2FAC9D1D8FC8580030D493 /* View */ = {
			isa = PBXGroup;
			children = (
				3F2FACA81D8FCB560030D493 /* Live.storyboard */,
			);
			path = View;
			sourceTree = "<group>";
		};
		3F2FAC9E1D8FC8600030D493 /* Controller */ = {
			isa = PBXGroup;
			children = (
			);
			path = Controller;
			sourceTree = "<group>";
		};
		3F2FAC9F1D8FC8600030D493 /* Model */ = {
			isa = PBXGroup;
			children = (
			);
			path = Model;
			sourceTree = "<group>";
		};
		3F2FACA01D8FC8600030D493 /* View */ = {
			isa = PBXGroup;
			children = (
				3F2FACAC1D8FCCFA0030D493 /* Mine.storyboard */,
			);
			path = View;
			sourceTree = "<group>";
		};
		3F2FACA11D8FC8680030D493 /* Controller */ = {
			isa = PBXGroup;
			children = (
			);
			path = Controller;
			sourceTree = "<group>";
		};
		3F2FACA21D8FC8680030D493 /* Model */ = {
			isa = PBXGroup;
			children = (
			);
			path = Model;
			sourceTree = "<group>";
		};
		3F2FACA31D8FC8680030D493 /* View */ = {
			isa = PBXGroup;
			children = (
			);
			path = View;
			sourceTree = "<group>";
		};
		3FF52B6D1D8E7CF900F1EC90 = {
			isa = PBXGroup;
			children = (
				3FF52B781D8E7CF900F1EC90 /* HJDouYuDemo */,
				3FF52B8D1D8E7CF900F1EC90 /* HJDouYuDemoUITests */,
				3FF52B771D8E7CF900F1EC90 /* Products */,
			);
			sourceTree = "<group>";
		};
		3FF52B771D8E7CF900F1EC90 /* Products */ = {
			isa = PBXGroup;
			children = (
				3FF52B761D8E7CF900F1EC90 /* HJDouYuDemo.app */,
				3FF52B8A1D8E7CF900F1EC90 /* HJDouYuDemoUITests.xctest */,
			);
			name = Products;
			sourceTree = "<group>";
		};
		3FF52B781D8E7CF900F1EC90 /* HJDouYuDemo */ = {
			isa = PBXGroup;
			children = (
				3F2FAC901D8F93530030D493 /* Classes */,
				3FF52B791D8E7CF900F1EC90 /* AppDelegate.swift */,
				3F2FAC961D8FBA700030D493 /* MainViewController.swift */,
				3FF52B7D1D8E7CF900F1EC90 /* Main.storyboard */,
				3FF52B801D8E7CF900F1EC90 /* Assets.xcassets */,
				3FF52B821D8E7CF900F1EC90 /* LaunchScreen.storyboard */,
				3FF52B851D8E7CF900F1EC90 /* Info.plist */,
			);
			path = HJDouYuDemo;
			sourceTree = "<group>";
		};
		3FF52B8D1D8E7CF900F1EC90 /* HJDouYuDemoUITests */ = {
			isa = PBXGroup;
			children = (
				3FF52B8E1D8E7CF900F1EC90 /* HJDouYuDemoUITests.swift */,
				3FF52B901D8E7CF900F1EC90 /* Info.plist */,
			);
			path = HJDouYuDemoUITests;
			sourceTree = "<group>";
		};
/* End PBXGroup section */

/* Begin PBXNativeTarget section */
		3FF52B751D8E7CF900F1EC90 /* HJDouYuDemo */ = {
			isa = PBXNativeTarget;
			buildConfigurationList = 3FF52B931D8E7CF900F1EC90 /* Build configuration list for PBXNativeTarget "HJDouYuDemo" */;
			buildPhases = (
				3FF52B721D8E7CF900F1EC90 /* Sources */,
				3FF52B731D8E7CF900F1EC90 /* Frameworks */,
				3FF52B741D8E7CF900F1EC90 /* Resources */,
			);
			buildRules = (
			);
			dependencies = (
			);
			name = HJDouYuDemo;
			productName = HJDouYuDemo;
			productReference = 3FF52B761D8E7CF900F1EC90 /* HJDouYuDemo.app */;
			productType = "com.apple.product-type.application";
		};
		3FF52B891D8E7CF900F1EC90 /* HJDouYuDemoUITests */ = {
			isa = PBXNativeTarget;
			buildConfigurationList = 3FF52B961D8E7CF900F1EC90 /* Build configuration list for PBXNativeTarget "HJDouYuDemoUITests" */;
			buildPhases = (
				3FF52B861D8E7CF900F1EC90 /* Sources */,
				3FF52B871D8E7CF900F1EC90 /* Frameworks */,
				3FF52B881D8E7CF900F1EC90 /* Resources */,
			);
			buildRules = (
			);
			dependencies = (
				3FF52B8C1D8E7CF900F1EC90 /* PBXTargetDependency */,
			);
			name = HJDouYuDemoUITests;
			productName = HJDouYuDemoUITests;
			productReference = 3FF52B8A1D8E7CF900F1EC90 /* HJDouYuDemoUITests.xctest */;
			productType = "com.apple.product-type.bundle.ui-testing";
		};
/* End PBXNativeTarget section */

/* Begin PBXProject section */
		3FF52B6E1D8E7CF900F1EC90 /* Project object */ = {
			isa = PBXProject;
			attributes = {
				LastSwiftUpdateCheck = 0730;
				LastUpgradeCheck = 0730;
				ORGANIZATIONNAME = HJing;
				TargetAttributes = {
					3FF52B751D8E7CF900F1EC90 = {
						CreatedOnToolsVersion = 7.3.1;
					};
					3FF52B891D8E7CF900F1EC90 = {
						CreatedOnToolsVersion = 7.3.1;
						DevelopmentTeam = M86LWK3SGE;
						TestTargetID = 3FF52B751D8E7CF900F1EC90;
					};
				};
			};
			buildConfigurationList = 3FF52B711D8E7CF900F1EC90 /* Build configuration list for PBXProject "HJDouYuDemo" */;
			compatibilityVersion = "Xcode 3.2";
			developmentRegion = English;
			hasScannedForEncodings = 0;
			knownRegions = (
				en,
				Base,
			);
			mainGroup = 3FF52B6D1D8E7CF900F1EC90;
			productRefGroup = 3FF52B771D8E7CF900F1EC90 /* Products */;
			projectDirPath = "";
			projectRoot = "";
			targets = (
				3FF52B751D8E7CF900F1EC90 /* HJDouYuDemo */,
				3FF52B891D8E7CF900F1EC90 /* HJDouYuDemoUITests */,
			);
		};
/* End PBXProject section */

/* Begin PBXResourcesBuildPhase section */
		3FF52B741D8E7CF900F1EC90 /* Resources */ = {
			isa = PBXResourcesBuildPhase;
			buildActionMask = 2147483647;
			files = (
				3FF52B841D8E7CF900F1EC90 /* LaunchScreen.storyboard in Resources */,
				3FF52B811D8E7CF900F1EC90 /* Assets.xcassets in Resources */,
				3FF52B7F1D8E7CF900F1EC90 /* Main.storyboard in Resources */,
				3F2FACAD1D8FCCFA0030D493 /* Mine.storyboard in Resources */,
				3F2FACB11D8FCD320030D493 /* Follow.storyboard in Resources */,
				3F2FACA91D8FCB560030D493 /* Live.storyboard in Resources */,
				3F2FACA51D8FC8AE0030D493 /* Home.storyboard in Resources */,
			);
			runOnlyForDeploymentPostprocessing = 0;
		};
		3FF52B881D8E7CF900F1EC90 /* Resources */ = {
			isa = PBXResourcesBuildPhase;
			buildActionMask = 2147483647;
			files = (
			);
			runOnlyForDeploymentPostprocessing = 0;
		};
/* End PBXResourcesBuildPhase section */

/* Begin PBXSourcesBuildPhase section */
		3FF52B721D8E7CF900F1EC90 /* Sources */ = {
			isa = PBXSourcesBuildPhase;
			buildActionMask = 2147483647;
			files = (
				3FF52B7A1D8E7CF900F1EC90 /* AppDelegate.swift in Sources */,
				3F2FAC971D8FBA700030D493 /* MainViewController.swift in Sources */,
				3F2FACA71D8FC8DE0030D493 /* HomeViewController.swift in Sources */,
			);
			runOnlyForDeploymentPostprocessing = 0;
		};
		3FF52B861D8E7CF900F1EC90 /* Sources */ = {
			isa = PBXSourcesBuildPhase;
			buildActionMask = 2147483647;
			files = (
				3FF52B8F1D8E7CF900F1EC90 /* HJDouYuDemoUITests.swift in Sources */,
			);
			runOnlyForDeploymentPostprocessing = 0;
		};
/* End PBXSourcesBuildPhase section */

/* Begin PBXTargetDependency section */
		3FF52B8C1D8E7CF900F1EC90 /* PBXTargetDependency */ = {
			isa = PBXTargetDependency;
			target = 3FF52B751D8E7CF900F1EC90 /* HJDouYuDemo */;
			targetProxy = 3FF52B8B1D8E7CF900F1EC90 /* PBXContainerItemProxy */;
		};
/* End PBXTargetDependency section */

/* Begin PBXVariantGroup section */
		3FF52B7D1D8E7CF900F1EC90 /* Main.storyboard */ = {
			isa = PBXVariantGroup;
			children = (
				3FF52B7E1D8E7CF900F1EC90 /* Base */,
			);
			name = Main.storyboard;
			sourceTree = "<group>";
		};
		3FF52B821D8E7CF900F1EC90 /* LaunchScreen.storyboard */ = {
			isa = PBXVariantGroup;
			children = (
				3FF52B831D8E7CF900F1EC90 /* Base */,
			);
			name = LaunchScreen.storyboard;
			sourceTree = "<group>";
		};
/* End PBXVariantGroup section */

/* Begin XCBuildConfiguration section */
		3FF52B911D8E7CF900F1EC90 /* Debug */ = {
			isa = XCBuildConfiguration;
			buildSettings = {
				ALWAYS_SEARCH_USER_PATHS = NO;
				CLANG_ANALYZER_NONNULL = YES;
				CLANG_CXX_LANGUAGE_STANDARD = "gnu++0x";
				CLANG_CXX_LIBRARY = "libc++";
				CLANG_ENABLE_MODULES = YES;
				CLANG_ENABLE_OBJC_ARC = YES;
				CLANG_WARN_BOOL_CONVERSION = YES;
				CLANG_WARN_CONSTANT_CONVERSION = YES;
				CLANG_WARN_DIRECT_OBJC_ISA_USAGE = YES_ERROR;
				CLANG_WARN_EMPTY_BODY = YES;
				CLANG_WARN_ENUM_CONVERSION = YES;
				CLANG_WARN_INT_CONVERSION = YES;
				CLANG_WARN_OBJC_ROOT_CLASS = YES_ERROR;
				CLANG_WARN_UNREACHABLE_CODE = YES;
				CLANG_WARN__DUPLICATE_METHOD_MATCH = YES;
				"CODE_SIGN_IDENTITY[sdk=iphoneos*]" = "iPhone Developer";
				COPY_PHASE_STRIP = NO;
				DEBUG_INFORMATION_FORMAT = dwarf;
				ENABLE_STRICT_OBJC_MSGSEND = YES;
				ENABLE_TESTABILITY = YES;
				GCC_C_LANGUAGE_STANDARD = gnu99;
				GCC_DYNAMIC_NO_PIC = NO;
				GCC_NO_COMMON_BLOCKS = YES;
				GCC_OPTIMIZATION_LEVEL = 0;
				GCC_PREPROCESSOR_DEFINITIONS = (
					"DEBUG=1",
					"$(inherited)",
				);
				GCC_WARN_64_TO_32_BIT_CONVERSION = YES;
				GCC_WARN_ABOUT_RETURN_TYPE = YES_ERROR;
				GCC_WARN_UNDECLARED_SELECTOR = YES;
				GCC_WARN_UNINITIALIZED_AUTOS = YES_AGGRESSIVE;
				GCC_WARN_UNUSED_FUNCTION = YES;
				GCC_WARN_UNUSED_VARIABLE = YES;
				IPHONEOS_DEPLOYMENT_TARGET = 9.3;
				MTL_ENABLE_DEBUG_INFO = YES;
				ONLY_ACTIVE_ARCH = YES;
				SDKROOT = iphoneos;
				SWIFT_OPTIMIZATION_LEVEL = "-Onone";
			};
			name = Debug;
		};
		3FF52B921D8E7CF900F1EC90 /* Release */ = {
			isa = XCBuildConfiguration;
			buildSettings = {
				ALWAYS_SEARCH_USER_PATHS = NO;
				CLANG_ANALYZER_NONNULL = YES;
				CLANG_CXX_LANGUAGE_STANDARD = "gnu++0x";
				CLANG_CXX_LIBRARY = "libc++";
				CLANG_ENABLE_MODULES = YES;
				CLANG_ENABLE_OBJC_ARC = YES;
				CLANG_WARN_BOOL_CONVERSION = YES;
				CLANG_WARN_CONSTANT_CONVERSION = YES;
				CLANG_WARN_DIRECT_OBJC_ISA_USAGE = YES_ERROR;
				CLANG_WARN_EMPTY_BODY = YES;
				CLANG_WARN_ENUM_CONVERSION = YES;
				CLANG_WARN_INT_CONVERSION = YES;
				CLANG_WARN_OBJC_ROOT_CLASS = YES_ERROR;
				CLANG_WARN_UNREACHABLE_CODE = YES;
				CLANG_WARN__DUPLICATE_METHOD_MATCH = YES;
				"CODE_SIGN_IDENTITY[sdk=iphoneos*]" = "iPhone Developer";
				COPY_PHASE_STRIP = NO;
				DEBUG_INFORMATION_FORMAT = "dwarf-with-dsym";
				ENABLE_NS_ASSERTIONS = NO;
				ENABLE_STRICT_OBJC_MSGSEND = YES;
				GCC_C_LANGUAGE_STANDARD = gnu99;
				GCC_NO_COMMON_BLOCKS = YES;
				GCC_WARN_64_TO_32_BIT_CONVERSION = YES;
				GCC_WARN_ABOUT_RETURN_TYPE = YES_ERROR;
				GCC_WARN_UNDECLARED_SELECTOR = YES;
				GCC_WARN_UNINITIALIZED_AUTOS = YES_AGGRESSIVE;
				GCC_WARN_UNUSED_FUNCTION = YES;
				GCC_WARN_UNUSED_VARIABLE = YES;
				IPHONEOS_DEPLOYMENT_TARGET = 9.3;
				MTL_ENABLE_DEBUG_INFO = NO;
				SDKROOT = iphoneos;
				VALIDATE_PRODUCT = YES;
			};
			name = Release;
		};
		3FF52B941D8E7CF900F1EC90 /* Debug */ = {
			isa = XCBuildConfiguration;
			buildSettings = {
				ASSETCATALOG_COMPILER_APPICON_NAME = AppIcon;
				ASSETCATALOG_COMPILER_LAUNCHIMAGE_NAME = "Brand Assets";
				CODE_SIGN_IDENTITY = "iPhone Developer";
				INFOPLIST_FILE = HJDouYuDemo/Info.plist;
				IPHONEOS_DEPLOYMENT_TARGET = 8.0;
				LD_RUNPATH_SEARCH_PATHS = "$(inherited) @executable_path/Frameworks";
				PRODUCT_BUNDLE_IDENTIFIER = com.Jing.HJDouYuDemo;
				PRODUCT_NAME = "$(TARGET_NAME)";
			};
			name = Debug;
		};
		3FF52B951D8E7CF900F1EC90 /* Release */ = {
			isa = XCBuildConfiguration;
			buildSettings = {
				ASSETCATALOG_COMPILER_APPICON_NAME = AppIcon;
				ASSETCATALOG_COMPILER_LAUNCHIMAGE_NAME = "Brand Assets";
				CODE_SIGN_IDENTITY = "iPhone Developer";
				INFOPLIST_FILE = HJDouYuDemo/Info.plist;
				IPHONEOS_DEPLOYMENT_TARGET = 8.0;
				LD_RUNPATH_SEARCH_PATHS = "$(inherited) @executable_path/Frameworks";
				PRODUCT_BUNDLE_IDENTIFIER = com.Jing.HJDouYuDemo;
				PRODUCT_NAME = "$(TARGET_NAME)";
			};
			name = Release;
		};
		3FF52B971D8E7CF900F1EC90 /* Debug */ = {
			isa = XCBuildConfiguration;
			buildSettings = {
				INFOPLIST_FILE = HJDouYuDemoUITests/Info.plist;
				LD_RUNPATH_SEARCH_PATHS = "$(inherited) @executable_path/Frameworks @loader_path/Frameworks";
				PRODUCT_BUNDLE_IDENTIFIER = com.Jing.HJDouYuDemoUITests;
				PRODUCT_NAME = "$(TARGET_NAME)";
				TEST_TARGET_NAME = HJDouYuDemo;
			};
			name = Debug;
		};
		3FF52B981D8E7CF900F1EC90 /* Release */ = {
			isa = XCBuildConfiguration;
			buildSettings = {
				INFOPLIST_FILE = HJDouYuDemoUITests/Info.plist;
				LD_RUNPATH_SEARCH_PATHS = "$(inherited) @executable_path/Frameworks @loader_path/Frameworks";
				PRODUCT_BUNDLE_IDENTIFIER = com.Jing.HJDouYuDemoUITests;
				PRODUCT_NAME = "$(TARGET_NAME)";
				TEST_TARGET_NAME = HJDouYuDemo;
			};
			name = Release;
		};
/* End XCBuildConfiguration section */

/* Begin XCConfigurationList section */
		3FF52B711D8E7CF900F1EC90 /* Build configuration list for PBXProject "HJDouYuDemo" */ = {
			isa = XCConfigurationList;
			buildConfigurations = (
				3FF52B911D8E7CF900F1EC90 /* Debug */,
				3FF52B921D8E7CF900F1EC90 /* Release */,
			);
			defaultConfigurationIsVisible = 0;
			defaultConfigurationName = Release;
		};
		3FF52B931D8E7CF900F1EC90 /* Build configuration list for PBXNativeTarget "HJDouYuDemo" */ = {
			isa = XCConfigurationList;
			buildConfigurations = (
				3FF52B941D8E7CF900F1EC90 /* Debug */,
				3FF52B951D8E7CF900F1EC90 /* Release */,
			);
			defaultConfigurationIsVisible = 0;
			defaultConfigurationName = Release;
		};
		3FF52B961D8E7CF900F1EC90 /* Build configuration list for PBXNativeTarget "HJDouYuDemoUITests" */ = {
			isa = XCConfigurationList;
			buildConfigurations = (
				3FF52B971D8E7CF900F1EC90 /* Debug */,
				3FF52B981D8E7CF900F1EC90 /* Release */,
			);
			defaultConfigurationIsVisible = 0;
			defaultConfigurationName = Release;
		};
/* End XCConfigurationList section */
	};
	rootObject = 3FF52B6E1D8E7CF900F1EC90 /* Project object */;
}
